
Microsoft Visual Studio Solution File, Format Version 12.00
# Visual Studio Version 17
VisualStudioVersion = 17.7.34031.279
MinimumVisualStudioVersion = 10.0.40219.1
Project("{FAE04EC0-301F-11D3-BF4B-00C04F79EFBC}") = "DI44UF_HFT_2023241.Client", "DI44UF_HFT_2023241.Client\DI44UF_HFT_2023241.Client.csproj", "{4469DC35-FFE5-4ED4-A831-E0FDAA5D9B01}"
EndProject
Project("{FAE04EC0-301F-11D3-BF4B-00C04F79EFBC}") = "DI44UF_HFT_2023241.Models", "DI44UF_HFT_2023241.Models\DI44UF_HFT_2023241.Models.csproj", "{45604F48-5832-4917-9B06-60B4E761E2CA}"
EndProject
Global
	GlobalSection(SolutionConfigurationPlatforms) = preSolution
		Debug|Any CPU = Debug|Any CPU
		Release|Any CPU = Release|Any CPU
	EndGlobalSection
	GlobalSection(ProjectConfigurationPlatforms) = postSolution
		{4469DC35-FFE5-4ED4-A831-E0FDAA5D9B01}.Debug|Any CPU.ActiveCfg = Debug|Any CPU
		{4469DC35-FFE5-4ED4-A831-E0FDAA5D9B01}.Debug|Any CPU.Build.0 = Debug|Any CPU
		{4469DC35-FFE5-4ED4-A831-E0FDAA5D9B01}.Release|Any CPU.ActiveCfg = Release|Any CPU
		{4469DC35-FFE5-4ED4-A831-E0FDAA5D9B01}.Release|Any CPU.Build.0 = Release|Any CPU
		{45604F48-5832-4917-9B06-60B4E761E2CA}.Debug|Any CPU.ActiveCfg = Debug|Any CPU
		{45604F48-5832-4917-9B06-60B4E761E2CA}.Debug|Any CPU.Build.0 = Debug|Any CPU
		{45604F48-5832-4917-9B06-60B4E761E2CA}.Release|Any CPU.ActiveCfg = Release|Any CPU
		{45604F48-5832-4917-9B06-60B4E761E2CA}.Release|Any CPU.Build.0 = Release|Any CPU
	EndGlobalSection
	GlobalSection(SolutionProperties) = preSolution
		HideSolutionNode = FALSE
	EndGlobalSection
	GlobalSection(ExtensibilityGlobals) = postSolution
		SolutionGuid = {0DB21E6B-7EEF-4CDB-A5BA-B44A21C98F3A}
	EndGlobalSection
EndGlobal
