
Microsoft Visual Studio Solution File, Format Version 12.00
# Visual Studio Version 17
VisualStudioVersion = 17.7.34031.279
MinimumVisualStudioVersion = 10.0.40219.1
Project("{9A19103F-16F7-4668-BE54-9A1E7A4F7556}") = "DI44UF_HFT_2023241.Client", "DI44UF_HFT_2023241.Client\DI44UF_HFT_2023241.Client.csproj", "{4469DC35-FFE5-4ED4-A831-E0FDAA5D9B01}"
EndProject
Project("{9A19103F-16F7-4668-BE54-9A1E7A4F7556}") = "DI44UF_HFT_2023241.Models", "DI44UF_HFT_2023241.Models\DI44UF_HFT_2023241.Models.csproj", "{45604F48-5832-4917-9B06-60B4E761E2CA}"
EndProject
Project("{9A19103F-16F7-4668-BE54-9A1E7A4F7556}") = "DI44UF_HFT_2023241.Logic", "DI44UF_HFT_2023241.Logic\DI44UF_HFT_2023241.Logic.csproj", "{25FA657C-295A-42A9-8DB9-0711A65D968F}"
EndProject
Project("{9A19103F-16F7-4668-BE54-9A1E7A4F7556}") = "DI44UF_HFT_2023241.Repository", "DI44UF_HFT_2023241.Repository\DI44UF_HFT_2023241.Repository.csproj", "{103DAA7D-9537-496B-A843-2E399CC587D7}"
EndProject
Project("{9A19103F-16F7-4668-BE54-9A1E7A4F7556}") = "DI44UF_HFT_2023241.Test", "DI44UF_HFT_2023241.Test\DI44UF_HFT_2023241.Test.csproj", "{9C95DF9E-6CB4-4B84-8998-F0362036CC0B}"
EndProject
Project("{2150E333-8FDC-42A3-9474-1A3956D46DE8}") = "Backend", "Backend", "{7D669E1D-8CBB-479B-A480-A39FE5ADB89A}"
EndProject
Project("{2150E333-8FDC-42A3-9474-1A3956D46DE8}") = "Frontend", "Frontend", "{5896133D-78ED-4A42-840F-D9A29C8FBCDB}"
EndProject
Project("{2150E333-8FDC-42A3-9474-1A3956D46DE8}") = "Shared", "Shared", "{35536F77-0CBA-4AF4-BE6B-99DCD6FD8288}"
EndProject
Project("{9A19103F-16F7-4668-BE54-9A1E7A4F7556}") = "DI44UF_HFT_2023241.EndPoint", "DI44UF_HFT_2023241.EndPoint\DI44UF_HFT_2023241.EndPoint.csproj", "{20EAFC75-054E-40C1-A894-0015C468334D}"
EndProject
Project("{2150E333-8FDC-42A3-9474-1A3956D46DE8}") = "Others", "Others", "{1178F2BB-34A3-49CE-A290-DF6355E9E6C6}"
	ProjectSection(SolutionItems) = preProject
		.gitignore = .gitignore
	EndProjectSection
EndProject
Project("{FAE04EC0-301F-11D3-BF4B-00C04F79EFBC}") = "DI44UF_HFT_2023241_WPF.Client", "DI44UF_HFT_2023241_WPF.Client\DI44UF_HFT_2023241_WPF.Client.csproj", "{733B81DF-9D64-4FE5-9CEC-C19A3B04E096}"
EndProject
Project("{FAE04EC0-301F-11D3-BF4B-00C04F79EFBC}") = "DI44UF_HFT_2023241_JS.Client", "DI44UF_HFT_2023241_JS.Client\DI44UF_HFT_2023241_JS.Client.csproj", "{BE5C8BD9-3EAE-4959-B87A-AEB34D483F06}"
EndProject
Global
	GlobalSection(SolutionConfigurationPlatforms) = preSolution
		Debug|Any CPU = Debug|Any CPU
		Release|Any CPU = Release|Any CPU
	EndGlobalSection
	GlobalSection(ProjectConfigurationPlatforms) = postSolution
		{4469DC35-FFE5-4ED4-A831-E0FDAA5D9B01}.Debug|Any CPU.ActiveCfg = Debug|Any CPU
		{4469DC35-FFE5-4ED4-A831-E0FDAA5D9B01}.Debug|Any CPU.Build.0 = Debug|Any CPU
		{4469DC35-FFE5-4ED4-A831-E0FDAA5D9B01}.Release|Any CPU.ActiveCfg = Release|Any CPU
		{4469DC35-FFE5-4ED4-A831-E0FDAA5D9B01}.Release|Any CPU.Build.0 = Release|Any CPU
		{45604F48-5832-4917-9B06-60B4E761E2CA}.Debug|Any CPU.ActiveCfg = Debug|Any CPU
		{45604F48-5832-4917-9B06-60B4E761E2CA}.Debug|Any CPU.Build.0 = Debug|Any CPU
		{45604F48-5832-4917-9B06-60B4E761E2CA}.Release|Any CPU.ActiveCfg = Release|Any CPU
		{45604F48-5832-4917-9B06-60B4E761E2CA}.Release|Any CPU.Build.0 = Release|Any CPU
		{25FA657C-295A-42A9-8DB9-0711A65D968F}.Debug|Any CPU.ActiveCfg = Debug|Any CPU
		{25FA657C-295A-42A9-8DB9-0711A65D968F}.Debug|Any CPU.Build.0 = Debug|Any CPU
		{25FA657C-295A-42A9-8DB9-0711A65D968F}.Release|Any CPU.ActiveCfg = Release|Any CPU
		{25FA657C-295A-42A9-8DB9-0711A65D968F}.Release|Any CPU.Build.0 = Release|Any CPU
		{103DAA7D-9537-496B-A843-2E399CC587D7}.Debug|Any CPU.ActiveCfg = Debug|Any CPU
		{103DAA7D-9537-496B-A843-2E399CC587D7}.Debug|Any CPU.Build.0 = Debug|Any CPU
		{103DAA7D-9537-496B-A843-2E399CC587D7}.Release|Any CPU.ActiveCfg = Release|Any CPU
		{103DAA7D-9537-496B-A843-2E399CC587D7}.Release|Any CPU.Build.0 = Release|Any CPU
		{9C95DF9E-6CB4-4B84-8998-F0362036CC0B}.Debug|Any CPU.ActiveCfg = Debug|Any CPU
		{9C95DF9E-6CB4-4B84-8998-F0362036CC0B}.Debug|Any CPU.Build.0 = Debug|Any CPU
		{9C95DF9E-6CB4-4B84-8998-F0362036CC0B}.Release|Any CPU.ActiveCfg = Release|Any CPU
		{9C95DF9E-6CB4-4B84-8998-F0362036CC0B}.Release|Any CPU.Build.0 = Release|Any CPU
		{20EAFC75-054E-40C1-A894-0015C468334D}.Debug|Any CPU.ActiveCfg = Debug|Any CPU
		{20EAFC75-054E-40C1-A894-0015C468334D}.Debug|Any CPU.Build.0 = Debug|Any CPU
		{20EAFC75-054E-40C1-A894-0015C468334D}.Release|Any CPU.ActiveCfg = Release|Any CPU
		{20EAFC75-054E-40C1-A894-0015C468334D}.Release|Any CPU.Build.0 = Release|Any CPU
		{733B81DF-9D64-4FE5-9CEC-C19A3B04E096}.Debug|Any CPU.ActiveCfg = Debug|Any CPU
		{733B81DF-9D64-4FE5-9CEC-C19A3B04E096}.Debug|Any CPU.Build.0 = Debug|Any CPU
		{733B81DF-9D64-4FE5-9CEC-C19A3B04E096}.Release|Any CPU.ActiveCfg = Release|Any CPU
		{733B81DF-9D64-4FE5-9CEC-C19A3B04E096}.Release|Any CPU.Build.0 = Release|Any CPU
		{BE5C8BD9-3EAE-4959-B87A-AEB34D483F06}.Debug|Any CPU.ActiveCfg = Debug|Any CPU
		{BE5C8BD9-3EAE-4959-B87A-AEB34D483F06}.Debug|Any CPU.Build.0 = Debug|Any CPU
		{BE5C8BD9-3EAE-4959-B87A-AEB34D483F06}.Release|Any CPU.ActiveCfg = Release|Any CPU
		{BE5C8BD9-3EAE-4959-B87A-AEB34D483F06}.Release|Any CPU.Build.0 = Release|Any CPU
	EndGlobalSection
	GlobalSection(SolutionProperties) = preSolution
		HideSolutionNode = FALSE
	EndGlobalSection
	GlobalSection(NestedProjects) = preSolution
		{4469DC35-FFE5-4ED4-A831-E0FDAA5D9B01} = {5896133D-78ED-4A42-840F-D9A29C8FBCDB}
		{45604F48-5832-4917-9B06-60B4E761E2CA} = {35536F77-0CBA-4AF4-BE6B-99DCD6FD8288}
		{25FA657C-295A-42A9-8DB9-0711A65D968F} = {7D669E1D-8CBB-479B-A480-A39FE5ADB89A}
		{103DAA7D-9537-496B-A843-2E399CC587D7} = {7D669E1D-8CBB-479B-A480-A39FE5ADB89A}
		{9C95DF9E-6CB4-4B84-8998-F0362036CC0B} = {7D669E1D-8CBB-479B-A480-A39FE5ADB89A}
		{20EAFC75-054E-40C1-A894-0015C468334D} = {7D669E1D-8CBB-479B-A480-A39FE5ADB89A}
		{733B81DF-9D64-4FE5-9CEC-C19A3B04E096} = {5896133D-78ED-4A42-840F-D9A29C8FBCDB}
		{BE5C8BD9-3EAE-4959-B87A-AEB34D483F06} = {5896133D-78ED-4A42-840F-D9A29C8FBCDB}
	EndGlobalSection
	GlobalSection(ExtensibilityGlobals) = postSolution
		SolutionGuid = {0DB21E6B-7EEF-4CDB-A5BA-B44A21C98F3A}
	EndGlobalSection
EndGlobal
